
Microsoft Visual Studio Solution File, Format Version 12.00
# Visual Studio Version 17
VisualStudioVersion = 17.8.34408.163
MinimumVisualStudioVersion = 10.0.40219.1
Project("{FAE04EC0-301F-11D3-BF4B-00C04F79EFBC}") = "GitFun", "GitFun.csproj", "{C1B7C77D-6E58-4855-B7B4-ADCF52BA184C}"
EndProject
Global
	GlobalSection(SolutionConfigurationPlatforms) = preSolution
		Debug|Any CPU = Debug|Any CPU
		Release|Any CPU = Release|Any CPU
	EndGlobalSection
	GlobalSection(ProjectConfigurationPlatforms) = postSolution
		{C1B7C77D-6E58-4855-B7B4-ADCF52BA184C}.Debug|Any CPU.ActiveCfg = Debug|Any CPU
		{C1B7C77D-6E58-4855-B7B4-ADCF52BA184C}.Debug|Any CPU.Build.0 = Debug|Any CPU
		{C1B7C77D-6E58-4855-B7B4-ADCF52BA184C}.Release|Any CPU.ActiveCfg = Release|Any CPU
		{C1B7C77D-6E58-4855-B7B4-ADCF52BA184C}.Release|Any CPU.Build.0 = Release|Any CPU
	EndGlobalSection
	GlobalSection(SolutionProperties) = preSolution
		HideSolutionNode = FALSE
	EndGlobalSection
	GlobalSection(ExtensibilityGlobals) = postSolution
		SolutionGuid = {5E898DDC-2442-4630-8487-EC444FCB0F43}
	EndGlobalSection
EndGlobal
